
Microsoft Visual Studio Solution File, Format Version 12.00
# Visual Studio 15
VisualStudioVersion = 15.0.28010.2036
MinimumVisualStudioVersion = 10.0.40219.1
Project("{9A19103F-16F7-4668-BE54-9A1E7A4F7556}") = "x3elib", "x3elib\x3elib.csproj", "{3B74FBA8-DD9C-4724-8A11-C67FCF6771AF}"
EndProject
Project("{9A19103F-16F7-4668-BE54-9A1E7A4F7556}") = "x3e.test", "test\x3e.test.csproj", "{4A209301-0F3E-4438-B457-1CA666D4A495}"
EndProject
Project("{9A19103F-16F7-4668-BE54-9A1E7A4F7556}") = "Simulator", "simulator\Simulator.csproj", "{C6306220-5B6E-4CDD-AC53-352F593782EE}"
EndProject
Global
	GlobalSection(SolutionConfigurationPlatforms) = preSolution
		Debug|Any CPU = Debug|Any CPU
		Release|Any CPU = Release|Any CPU
	EndGlobalSection
	GlobalSection(ProjectConfigurationPlatforms) = postSolution
		{3B74FBA8-DD9C-4724-8A11-C67FCF6771AF}.Debug|Any CPU.ActiveCfg = Debug|Any CPU
		{3B74FBA8-DD9C-4724-8A11-C67FCF6771AF}.Debug|Any CPU.Build.0 = Debug|Any CPU
		{3B74FBA8-DD9C-4724-8A11-C67FCF6771AF}.Release|Any CPU.ActiveCfg = Release|Any CPU
		{3B74FBA8-DD9C-4724-8A11-C67FCF6771AF}.Release|Any CPU.Build.0 = Release|Any CPU
		{4A209301-0F3E-4438-B457-1CA666D4A495}.Debug|Any CPU.ActiveCfg = Debug|Any CPU
		{4A209301-0F3E-4438-B457-1CA666D4A495}.Debug|Any CPU.Build.0 = Debug|Any CPU
		{4A209301-0F3E-4438-B457-1CA666D4A495}.Release|Any CPU.ActiveCfg = Release|Any CPU
		{4A209301-0F3E-4438-B457-1CA666D4A495}.Release|Any CPU.Build.0 = Release|Any CPU
		{C6306220-5B6E-4CDD-AC53-352F593782EE}.Debug|Any CPU.ActiveCfg = Debug|Any CPU
		{C6306220-5B6E-4CDD-AC53-352F593782EE}.Debug|Any CPU.Build.0 = Debug|Any CPU
		{C6306220-5B6E-4CDD-AC53-352F593782EE}.Release|Any CPU.ActiveCfg = Release|Any CPU
		{C6306220-5B6E-4CDD-AC53-352F593782EE}.Release|Any CPU.Build.0 = Release|Any CPU
	EndGlobalSection
	GlobalSection(SolutionProperties) = preSolution
		HideSolutionNode = FALSE
	EndGlobalSection
	GlobalSection(ExtensibilityGlobals) = postSolution
		SolutionGuid = {E8F908EB-F7F7-4C62-BE36-C4B0E7B0AB4D}
	EndGlobalSection
EndGlobal
